// !$*UTF8*$!
{
	archiveVersion = 1;
	classes = {
	};
	objectVersion = 50;
	objects = {

/* Begin PBXBuildFile section */
		A70BC334255D0B19002D3B09 /* AppDelegate.swift in Sources */ = {isa = PBXBuildFile; fileRef = A70BC333255D0B19002D3B09 /* AppDelegate.swift */; };
		A70BC336255D0B19002D3B09 /* SceneDelegate.swift in Sources */ = {isa = PBXBuildFile; fileRef = A70BC335255D0B19002D3B09 /* SceneDelegate.swift */; };
		A70BC338255D0B19002D3B09 /* ContentView.swift in Sources */ = {isa = PBXBuildFile; fileRef = A70BC337255D0B19002D3B09 /* ContentView.swift */; };
		A70BC33A255D0B19002D3B09 /* Assets.xcassets in Resources */ = {isa = PBXBuildFile; fileRef = A70BC339255D0B19002D3B09 /* Assets.xcassets */; };
		A70BC33D255D0B19002D3B09 /* Preview Assets.xcassets in Resources */ = {isa = PBXBuildFile; fileRef = A70BC33C255D0B19002D3B09 /* Preview Assets.xcassets */; };
		A70BC340255D0B19002D3B09 /* LaunchScreen.storyboard in Resources */ = {isa = PBXBuildFile; fileRef = A70BC33E255D0B19002D3B09 /* LaunchScreen.storyboard */; };
		A70BC34B255D0B1A002D3B09 /* FAQ_Page2Tests.swift in Sources */ = {isa = PBXBuildFile; fileRef = A70BC34A255D0B1A002D3B09 /* FAQ_Page2Tests.swift */; };
		A70BC356255D0B1A002D3B09 /* FAQ_Page2UITests.swift in Sources */ = {isa = PBXBuildFile; fileRef = A70BC355255D0B1A002D3B09 /* FAQ_Page2UITests.swift */; };
/* End PBXBuildFile section */

/* Begin PBXContainerItemProxy section */
		A70BC347255D0B1A002D3B09 /* PBXContainerItemProxy */ = {
			isa = PBXContainerItemProxy;
			containerPortal = A70BC328255D0B19002D3B09 /* Project object */;
			proxyType = 1;
			remoteGlobalIDString = A70BC32F255D0B19002D3B09;
			remoteInfo = "FAQ Page2";
		};
		A70BC352255D0B1A002D3B09 /* PBXContainerItemProxy */ = {
			isa = PBXContainerItemProxy;
			containerPortal = A70BC328255D0B19002D3B09 /* Project object */;
			proxyType = 1;
			remoteGlobalIDString = A70BC32F255D0B19002D3B09;
			remoteInfo = "FAQ Page2";
		};
/* End PBXContainerItemProxy section */

/* Begin PBXFileReference section */
		A70BC330255D0B19002D3B09 /* FAQ Page2.app */ = {isa = PBXFileReference; explicitFileType = wrapper.application; includeInIndex = 0; path = "FAQ Page2.app"; sourceTree = BUILT_PRODUCTS_DIR; };
		A70BC333255D0B19002D3B09 /* AppDelegate.swift */ = {isa = PBXFileReference; lastKnownFileType = sourcecode.swift; path = AppDelegate.swift; sourceTree = "<group>"; };
		A70BC335255D0B19002D3B09 /* SceneDelegate.swift */ = {isa = PBXFileReference; lastKnownFileType = sourcecode.swift; path = SceneDelegate.swift; sourceTree = "<group>"; };
		A70BC337255D0B19002D3B09 /* ContentView.swift */ = {isa = PBXFileReference; lastKnownFileType = sourcecode.swift; path = ContentView.swift; sourceTree = "<group>"; };
		A70BC339255D0B19002D3B09 /* Assets.xcassets */ = {isa = PBXFileReference; lastKnownFileType = folder.assetcatalog; path = Assets.xcassets; sourceTree = "<group>"; };
		A70BC33C255D0B19002D3B09 /* Preview Assets.xcassets */ = {isa = PBXFileReference; lastKnownFileType = folder.assetcatalog; path = "Preview Assets.xcassets"; sourceTree = "<group>"; };
		A70BC33F255D0B19002D3B09 /* Base */ = {isa = PBXFileReference; lastKnownFileType = file.storyboard; name = Base; path = Base.lproj/LaunchScreen.storyboard; sourceTree = "<group>"; };
		A70BC341255D0B19002D3B09 /* Info.plist */ = {isa = PBXFileReference; lastKnownFileType = text.plist.xml; path = Info.plist; sourceTree = "<group>"; };
		A70BC346255D0B1A002D3B09 /* FAQ Page2Tests.xctest */ = {isa = PBXFileReference; explicitFileType = wrapper.cfbundle; includeInIndex = 0; path = "FAQ Page2Tests.xctest"; sourceTree = BUILT_PRODUCTS_DIR; };
		A70BC34A255D0B1A002D3B09 /* FAQ_Page2Tests.swift */ = {isa = PBXFileReference; lastKnownFileType = sourcecode.swift; path = FAQ_Page2Tests.swift; sourceTree = "<group>"; };
		A70BC34C255D0B1A002D3B09 /* Info.plist */ = {isa = PBXFileReference; lastKnownFileType = text.plist.xml; path = Info.plist; sourceTree = "<group>"; };
		A70BC351255D0B1A002D3B09 /* FAQ Page2UITests.xctest */ = {isa = PBXFileReference; explicitFileType = wrapper.cfbundle; includeInIndex = 0; path = "FAQ Page2UITests.xctest"; sourceTree = BUILT_PRODUCTS_DIR; };
		A70BC355255D0B1A002D3B09 /* FAQ_Page2UITests.swift */ = {isa = PBXFileReference; lastKnownFileType = sourcecode.swift; path = FAQ_Page2UITests.swift; sourceTree = "<group>"; };
		A70BC357255D0B1A002D3B09 /* Info.plist */ = {isa = PBXFileReference; lastKnownFileType = text.plist.xml; path = Info.plist; sourceTree = "<group>"; };
/* End PBXFileReference section */

/* Begin PBXFrameworksBuildPhase section */
		A70BC32D255D0B19002D3B09 /* Frameworks */ = {
			isa = PBXFrameworksBuildPhase;
			buildActionMask = 2147483647;
			files = (
			);
			runOnlyForDeploymentPostprocessing = 0;
		};
		A70BC343255D0B1A002D3B09 /* Frameworks */ = {
			isa = PBXFrameworksBuildPhase;
			buildActionMask = 2147483647;
			files = (
			);
			runOnlyForDeploymentPostprocessing = 0;
		};
		A70BC34E255D0B1A002D3B09 /* Frameworks */ = {
			isa = PBXFrameworksBuildPhase;
			buildActionMask = 2147483647;
			files = (
			);
			runOnlyForDeploymentPostprocessing = 0;
		};
/* End PBXFrameworksBuildPhase section */

/* Begin PBXGroup section */
		A70BC327255D0B19002D3B09 = {
			isa = PBXGroup;
			children = (
				A70BC332255D0B19002D3B09 /* FAQ Page2 */,
				A70BC349255D0B1A002D3B09 /* FAQ Page2Tests */,
				A70BC354255D0B1A002D3B09 /* FAQ Page2UITests */,
				A70BC331255D0B19002D3B09 /* Products */,
			);
			sourceTree = "<group>";
		};
		A70BC331255D0B19002D3B09 /* Products */ = {
			isa = PBXGroup;
			children = (
				A70BC330255D0B19002D3B09 /* FAQ Page2.app */,
				A70BC346255D0B1A002D3B09 /* FAQ Page2Tests.xctest */,
				A70BC351255D0B1A002D3B09 /* FAQ Page2UITests.xctest */,
			);
			name = Products;
			sourceTree = "<group>";
		};
		A70BC332255D0B19002D3B09 /* FAQ Page2 */ = {
			isa = PBXGroup;
			children = (
				A70BC333255D0B19002D3B09 /* AppDelegate.swift */,
				A70BC335255D0B19002D3B09 /* SceneDelegate.swift */,
				A70BC337255D0B19002D3B09 /* ContentView.swift */,
				A70BC339255D0B19002D3B09 /* Assets.xcassets */,
				A70BC33E255D0B19002D3B09 /* LaunchScreen.storyboard */,
				A70BC341255D0B19002D3B09 /* Info.plist */,
				A70BC33B255D0B19002D3B09 /* Preview Content */,
			);
			path = "FAQ Page2";
			sourceTree = "<group>";
		};
		A70BC33B255D0B19002D3B09 /* Preview Content */ = {
			isa = PBXGroup;
			children = (
				A70BC33C255D0B19002D3B09 /* Preview Assets.xcassets */,
			);
			path = "Preview Content";
			sourceTree = "<group>";
		};
		A70BC349255D0B1A002D3B09 /* FAQ Page2Tests */ = {
			isa = PBXGroup;
			children = (
				A70BC34A255D0B1A002D3B09 /* FAQ_Page2Tests.swift */,
				A70BC34C255D0B1A002D3B09 /* Info.plist */,
			);
			path = "FAQ Page2Tests";
			sourceTree = "<group>";
		};
		A70BC354255D0B1A002D3B09 /* FAQ Page2UITests */ = {
			isa = PBXGroup;
			children = (
				A70BC355255D0B1A002D3B09 /* FAQ_Page2UITests.swift */,
				A70BC357255D0B1A002D3B09 /* Info.plist */,
			);
			path = "FAQ Page2UITests";
			sourceTree = "<group>";
		};
/* End PBXGroup section */

/* Begin PBXNativeTarget section */
		A70BC32F255D0B19002D3B09 /* FAQ Page2 */ = {
			isa = PBXNativeTarget;
			buildConfigurationList = A70BC35A255D0B1A002D3B09 /* Build configuration list for PBXNativeTarget "FAQ Page2" */;
			buildPhases = (
				A70BC32C255D0B19002D3B09 /* Sources */,
				A70BC32D255D0B19002D3B09 /* Frameworks */,
				A70BC32E255D0B19002D3B09 /* Resources */,
			);
			buildRules = (
			);
			dependencies = (
			);
			name = "FAQ Page2";
			productName = "FAQ Page2";
			productReference = A70BC330255D0B19002D3B09 /* FAQ Page2.app */;
			productType = "com.apple.product-type.application";
		};
		A70BC345255D0B1A002D3B09 /* FAQ Page2Tests */ = {
			isa = PBXNativeTarget;
			buildConfigurationList = A70BC35D255D0B1A002D3B09 /* Build configuration list for PBXNativeTarget "FAQ Page2Tests" */;
			buildPhases = (
				A70BC342255D0B1A002D3B09 /* Sources */,
				A70BC343255D0B1A002D3B09 /* Frameworks */,
				A70BC344255D0B1A002D3B09 /* Resources */,
			);
			buildRules = (
			);
			dependencies = (
				A70BC348255D0B1A002D3B09 /* PBXTargetDependency */,
			);
			name = "FAQ Page2Tests";
			productName = "FAQ Page2Tests";
			productReference = A70BC346255D0B1A002D3B09 /* FAQ Page2Tests.xctest */;
			productType = "com.apple.product-type.bundle.unit-test";
		};
		A70BC350255D0B1A002D3B09 /* FAQ Page2UITests */ = {
			isa = PBXNativeTarget;
			buildConfigurationList = A70BC360255D0B1A002D3B09 /* Build configuration list for PBXNativeTarget "FAQ Page2UITests" */;
			buildPhases = (
				A70BC34D255D0B1A002D3B09 /* Sources */,
				A70BC34E255D0B1A002D3B09 /* Frameworks */,
				A70BC34F255D0B1A002D3B09 /* Resources */,
			);
			buildRules = (
			);
			dependencies = (
				A70BC353255D0B1A002D3B09 /* PBXTargetDependency */,
			);
			name = "FAQ Page2UITests";
			productName = "FAQ Page2UITests";
			productReference = A70BC351255D0B1A002D3B09 /* FAQ Page2UITests.xctest */;
			productType = "com.apple.product-type.bundle.ui-testing";
		};
/* End PBXNativeTarget section */

/* Begin PBXProject section */
		A70BC328255D0B19002D3B09 /* Project object */ = {
			isa = PBXProject;
			attributes = {
				LastSwiftUpdateCheck = 1210;
				LastUpgradeCheck = 1210;
				TargetAttributes = {
					A70BC32F255D0B19002D3B09 = {
						CreatedOnToolsVersion = 12.1;
					};
					A70BC345255D0B1A002D3B09 = {
						CreatedOnToolsVersion = 12.1;
						TestTargetID = A70BC32F255D0B19002D3B09;
					};
					A70BC350255D0B1A002D3B09 = {
						CreatedOnToolsVersion = 12.1;
						TestTargetID = A70BC32F255D0B19002D3B09;
					};
				};
			};
			buildConfigurationList = A70BC32B255D0B19002D3B09 /* Build configuration list for PBXProject "FAQ Page2" */;
			compatibilityVersion = "Xcode 9.3";
			developmentRegion = en;
			hasScannedForEncodings = 0;
			knownRegions = (
				en,
				Base,
			);
			mainGroup = A70BC327255D0B19002D3B09;
			productRefGroup = A70BC331255D0B19002D3B09 /* Products */;
			projectDirPath = "";
			projectRoot = "";
			targets = (
				A70BC32F255D0B19002D3B09 /* FAQ Page2 */,
				A70BC345255D0B1A002D3B09 /* FAQ Page2Tests */,
				A70BC350255D0B1A002D3B09 /* FAQ Page2UITests */,
			);
		};
/* End PBXProject section */

/* Begin PBXResourcesBuildPhase section */
		A70BC32E255D0B19002D3B09 /* Resources */ = {
			isa = PBXResourcesBuildPhase;
			buildActionMask = 2147483647;
			files = (
				A70BC340255D0B19002D3B09 /* LaunchScreen.storyboard in Resources */,
				A70BC33D255D0B19002D3B09 /* Preview Assets.xcassets in Resources */,
				A70BC33A255D0B19002D3B09 /* Assets.xcassets in Resources */,
			);
			runOnlyForDeploymentPostprocessing = 0;
		};
		A70BC344255D0B1A002D3B09 /* Resources */ = {
			isa = PBXResourcesBuildPhase;
			buildActionMask = 2147483647;
			files = (
			);
			runOnlyForDeploymentPostprocessing = 0;
		};
		A70BC34F255D0B1A002D3B09 /* Resources */ = {
			isa = PBXResourcesBuildPhase;
			buildActionMask = 2147483647;
			files = (
			);
			runOnlyForDeploymentPostprocessing = 0;
		};
/* End PBXResourcesBuildPhase section */

/* Begin PBXSourcesBuildPhase section */
		A70BC32C255D0B19002D3B09 /* Sources */ = {
			isa = PBXSourcesBuildPhase;
			buildActionMask = 2147483647;
			files = (
				A70BC334255D0B19002D3B09 /* AppDelegate.swift in Sources */,
				A70BC336255D0B19002D3B09 /* SceneDelegate.swift in Sources */,
				A70BC338255D0B19002D3B09 /* ContentView.swift in Sources */,
			);
			runOnlyForDeploymentPostprocessing = 0;
		};
		A70BC342255D0B1A002D3B09 /* Sources */ = {
			isa = PBXSourcesBuildPhase;
			buildActionMask = 2147483647;
			files = (
				A70BC34B255D0B1A002D3B09 /* FAQ_Page2Tests.swift in Sources */,
			);
			runOnlyForDeploymentPostprocessing = 0;
		};
		A70BC34D255D0B1A002D3B09 /* Sources */ = {
			isa = PBXSourcesBuildPhase;
			buildActionMask = 2147483647;
			files = (
				A70BC356255D0B1A002D3B09 /* FAQ_Page2UITests.swift in Sources */,
			);
			runOnlyForDeploymentPostprocessing = 0;
		};
/* End PBXSourcesBuildPhase section */

/* Begin PBXTargetDependency section */
		A70BC348255D0B1A002D3B09 /* PBXTargetDependency */ = {
			isa = PBXTargetDependency;
			target = A70BC32F255D0B19002D3B09 /* FAQ Page2 */;
			targetProxy = A70BC347255D0B1A002D3B09 /* PBXContainerItemProxy */;
		};
		A70BC353255D0B1A002D3B09 /* PBXTargetDependency */ = {
			isa = PBXTargetDependency;
			target = A70BC32F255D0B19002D3B09 /* FAQ Page2 */;
			targetProxy = A70BC352255D0B1A002D3B09 /* PBXContainerItemProxy */;
		};
/* End PBXTargetDependency section */

/* Begin PBXVariantGroup section */
		A70BC33E255D0B19002D3B09 /* LaunchScreen.storyboard */ = {
			isa = PBXVariantGroup;
			children = (
				A70BC33F255D0B19002D3B09 /* Base */,
			);
			name = LaunchScreen.storyboard;
			sourceTree = "<group>";
		};
/* End PBXVariantGroup section */

/* Begin XCBuildConfiguration section */
		A70BC358255D0B1A002D3B09 /* Debug */ = {
			isa = XCBuildConfiguration;
			buildSettings = {
				ALWAYS_SEARCH_USER_PATHS = NO;
				CLANG_ANALYZER_NONNULL = YES;
				CLANG_ANALYZER_NUMBER_OBJECT_CONVERSION = YES_AGGRESSIVE;
				CLANG_CXX_LANGUAGE_STANDARD = "gnu++14";
				CLANG_CXX_LIBRARY = "libc++";
				CLANG_ENABLE_MODULES = YES;
				CLANG_ENABLE_OBJC_ARC = YES;
				CLANG_ENABLE_OBJC_WEAK = YES;
				CLANG_WARN_BLOCK_CAPTURE_AUTORELEASING = YES;
				CLANG_WARN_BOOL_CONVERSION = YES;
				CLANG_WARN_COMMA = YES;
				CLANG_WARN_CONSTANT_CONVERSION = YES;
				CLANG_WARN_DEPRECATED_OBJC_IMPLEMENTATIONS = YES;
				CLANG_WARN_DIRECT_OBJC_ISA_USAGE = YES_ERROR;
				CLANG_WARN_DOCUMENTATION_COMMENTS = YES;
				CLANG_WARN_EMPTY_BODY = YES;
				CLANG_WARN_ENUM_CONVERSION = YES;
				CLANG_WARN_INFINITE_RECURSION = YES;
				CLANG_WARN_INT_CONVERSION = YES;
				CLANG_WARN_NON_LITERAL_NULL_CONVERSION = YES;
				CLANG_WARN_OBJC_IMPLICIT_RETAIN_SELF = YES;
				CLANG_WARN_OBJC_LITERAL_CONVERSION = YES;
				CLANG_WARN_OBJC_ROOT_CLASS = YES_ERROR;
				CLANG_WARN_QUOTED_INCLUDE_IN_FRAMEWORK_HEADER = YES;
				CLANG_WARN_RANGE_LOOP_ANALYSIS = YES;
				CLANG_WARN_STRICT_PROTOTYPES = YES;
				CLANG_WARN_SUSPICIOUS_MOVE = YES;
				CLANG_WARN_UNGUARDED_AVAILABILITY = YES_AGGRESSIVE;
				CLANG_WARN_UNREACHABLE_CODE = YES;
				CLANG_WARN__DUPLICATE_METHOD_MATCH = YES;
				COPY_PHASE_STRIP = NO;
				DEBUG_INFORMATION_FORMAT = dwarf;
				ENABLE_STRICT_OBJC_MSGSEND = YES;
				ENABLE_TESTABILITY = YES;
				GCC_C_LANGUAGE_STANDARD = gnu11;
				GCC_DYNAMIC_NO_PIC = NO;
				GCC_NO_COMMON_BLOCKS = YES;
				GCC_OPTIMIZATION_LEVEL = 0;
				GCC_PREPROCESSOR_DEFINITIONS = (
					"DEBUG=1",
					"$(inherited)",
				);
				GCC_WARN_64_TO_32_BIT_CONVERSION = YES;
				GCC_WARN_ABOUT_RETURN_TYPE = YES_ERROR;
				GCC_WARN_UNDECLARED_SELECTOR = YES;
				GCC_WARN_UNINITIALIZED_AUTOS = YES_AGGRESSIVE;
				GCC_WARN_UNUSED_FUNCTION = YES;
				GCC_WARN_UNUSED_VARIABLE = YES;
				IPHONEOS_DEPLOYMENT_TARGET = 14.1;
				MTL_ENABLE_DEBUG_INFO = INCLUDE_SOURCE;
				MTL_FAST_MATH = YES;
				ONLY_ACTIVE_ARCH = YES;
				SDKROOT = iphoneos;
				SWIFT_ACTIVE_COMPILATION_CONDITIONS = DEBUG;
				SWIFT_OPTIMIZATION_LEVEL = "-Onone";
			};
			name = Debug;
		};
		A70BC359255D0B1A002D3B09 /* Release */ = {
			isa = XCBuildConfiguration;
			buildSettings = {
				ALWAYS_SEARCH_USER_PATHS = NO;
				CLANG_ANALYZER_NONNULL = YES;
				CLANG_ANALYZER_NUMBER_OBJECT_CONVERSION = YES_AGGRESSIVE;
				CLANG_CXX_LANGUAGE_STANDARD = "gnu++14";
				CLANG_CXX_LIBRARY = "libc++";
				CLANG_ENABLE_MODULES = YES;
				CLANG_ENABLE_OBJC_ARC = YES;
				CLANG_ENABLE_OBJC_WEAK = YES;
				CLANG_WARN_BLOCK_CAPTURE_AUTORELEASING = YES;
				CLANG_WARN_BOOL_CONVERSION = YES;
				CLANG_WARN_COMMA = YES;
				CLANG_WARN_CONSTANT_CONVERSION = YES;
				CLANG_WARN_DEPRECATED_OBJC_IMPLEMENTATIONS = YES;
				CLANG_WARN_DIRECT_OBJC_ISA_USAGE = YES_ERROR;
				CLANG_WARN_DOCUMENTATION_COMMENTS = YES;
				CLANG_WARN_EMPTY_BODY = YES;
				CLANG_WARN_ENUM_CONVERSION = YES;
				CLANG_WARN_INFINITE_RECURSION = YES;
				CLANG_WARN_INT_CONVERSION = YES;
				CLANG_WARN_NON_LITERAL_NULL_CONVERSION = YES;
				CLANG_WARN_OBJC_IMPLICIT_RETAIN_SELF = YES;
				CLANG_WARN_OBJC_LITERAL_CONVERSION = YES;
				CLANG_WARN_OBJC_ROOT_CLASS = YES_ERROR;
				CLANG_WARN_QUOTED_INCLUDE_IN_FRAMEWORK_HEADER = YES;
				CLANG_WARN_RANGE_LOOP_ANALYSIS = YES;
				CLANG_WARN_STRICT_PROTOTYPES = YES;
				CLANG_WARN_SUSPICIOUS_MOVE = YES;
				CLANG_WARN_UNGUARDED_AVAILABILITY = YES_AGGRESSIVE;
				CLANG_WARN_UNREACHABLE_CODE = YES;
				CLANG_WARN__DUPLICATE_METHOD_MATCH = YES;
				COPY_PHASE_STRIP = NO;
				DEBUG_INFORMATION_FORMAT = "dwarf-with-dsym";
				ENABLE_NS_ASSERTIONS = NO;
				ENABLE_STRICT_OBJC_MSGSEND = YES;
				GCC_C_LANGUAGE_STANDARD = gnu11;
				GCC_NO_COMMON_BLOCKS = YES;
				GCC_WARN_64_TO_32_BIT_CONVERSION = YES;
				GCC_WARN_ABOUT_RETURN_TYPE = YES_ERROR;
				GCC_WARN_UNDECLARED_SELECTOR = YES;
				GCC_WARN_UNINITIALIZED_AUTOS = YES_AGGRESSIVE;
				GCC_WARN_UNUSED_FUNCTION = YES;
				GCC_WARN_UNUSED_VARIABLE = YES;
				IPHONEOS_DEPLOYMENT_TARGET = 14.1;
				MTL_ENABLE_DEBUG_INFO = NO;
				MTL_FAST_MATH = YES;
				SDKROOT = iphoneos;
				SWIFT_COMPILATION_MODE = wholemodule;
				SWIFT_OPTIMIZATION_LEVEL = "-O";
				VALIDATE_PRODUCT = YES;
			};
			name = Release;
		};
		A70BC35B255D0B1A002D3B09 /* Debug */ = {
			isa = XCBuildConfiguration;
			buildSettings = {
				ASSETCATALOG_COMPILER_APPICON_NAME = AppIcon;
				ASSETCATALOG_COMPILER_GLOBAL_ACCENT_COLOR_NAME = AccentColor;
				CODE_SIGN_STYLE = Automatic;
				DEVELOPMENT_ASSET_PATHS = "\"FAQ Page2/Preview Content\"";
				DEVELOPMENT_TEAM = GGUZNCFZP3;
				ENABLE_PREVIEWS = YES;
				INFOPLIST_FILE = "FAQ Page2/Info.plist";
				IPHONEOS_DEPLOYMENT_TARGET = 14.0;
				LD_RUNPATH_SEARCH_PATHS = (
					"$(inherited)",
					"@executable_path/Frameworks",
				);
				PRODUCT_BUNDLE_IDENTIFIER = "First.FAQ-Page2";
				PRODUCT_NAME = "$(TARGET_NAME)";
				SWIFT_VERSION = 5.0;
				TARGETED_DEVICE_FAMILY = "1,2";
			};
			name = Debug;
		};
		A70BC35C255D0B1A002D3B09 /* Release */ = {
			isa = XCBuildConfiguration;
			buildSettings = {
				ASSETCATALOG_COMPILER_APPICON_NAME = AppIcon;
				ASSETCATALOG_COMPILER_GLOBAL_ACCENT_COLOR_NAME = AccentColor;
				CODE_SIGN_STYLE = Automatic;
				DEVELOPMENT_ASSET_PATHS = "\"FAQ Page2/Preview Content\"";
				DEVELOPMENT_TEAM = GGUZNCFZP3;
				ENABLE_PREVIEWS = YES;
				INFOPLIST_FILE = "FAQ Page2/Info.plist";
				IPHONEOS_DEPLOYMENT_TARGET = 14.0;
				LD_RUNPATH_SEARCH_PATHS = (
					"$(inherited)",
					"@executable_path/Frameworks",
				);
				PRODUCT_BUNDLE_IDENTIFIER = "First.FAQ-Page2";
				PRODUCT_NAME = "$(TARGET_NAME)";
				SWIFT_VERSION = 5.0;
				TARGETED_DEVICE_FAMILY = "1,2";
			};
			name = Release;
		};
		A70BC35E255D0B1A002D3B09 /* Debug */ = {
			isa = XCBuildConfiguration;
			buildSettings = {
				ALWAYS_EMBED_SWIFT_STANDARD_LIBRARIES = YES;
				BUNDLE_LOADER = "$(TEST_HOST)";
				CODE_SIGN_STYLE = Automatic;
				INFOPLIST_FILE = "FAQ Page2Tests/Info.plist";
				IPHONEOS_DEPLOYMENT_TARGET = 14.1;
				LD_RUNPATH_SEARCH_PATHS = (
					"$(inherited)",
					"@executable_path/Frameworks",
					"@loader_path/Frameworks",
				);
				PRODUCT_BUNDLE_IDENTIFIER = "First.FAQ-Page2Tests";
				PRODUCT_NAME = "$(TARGET_NAME)";
				SWIFT_VERSION = 5.0;
				TARGETED_DEVICE_FAMILY = "1,2";
				TEST_HOST = "$(BUILT_PRODUCTS_DIR)/FAQ Page2.app/FAQ Page2";
			};
			name = Debug;
		};
		A70BC35F255D0B1A002D3B09 /* Release */ = {
			isa = XCBuildConfiguration;
			buildSettings = {
				ALWAYS_EMBED_SWIFT_STANDARD_LIBRARIES = YES;
				BUNDLE_LOADER = "$(TEST_HOST)";
				CODE_SIGN_STYLE = Automatic;
				INFOPLIST_FILE = "FAQ Page2Tests/Info.plist";
				IPHONEOS_DEPLOYMENT_TARGET = 14.1;
				LD_RUNPATH_SEARCH_PATHS = (
					"$(inherited)",
					"@executable_path/Frameworks",
					"@loader_path/Frameworks",
				);
				PRODUCT_BUNDLE_IDENTIFIER = "First.FAQ-Page2Tests";
				PRODUCT_NAME = "$(TARGET_NAME)";
				SWIFT_VERSION = 5.0;
				TARGETED_DEVICE_FAMILY = "1,2";
				TEST_HOST = "$(BUILT_PRODUCTS_DIR)/FAQ Page2.app/FAQ Page2";
			};
			name = Release;
		};
		A70BC361255D0B1A002D3B09 /* Debug */ = {
			isa = XCBuildConfiguration;
			buildSettings = {
				ALWAYS_EMBED_SWIFT_STANDARD_LIBRARIES = YES;
				CODE_SIGN_STYLE = Automatic;
				INFOPLIST_FILE = "FAQ Page2UITests/Info.plist";
				LD_RUNPATH_SEARCH_PATHS = (
					"$(inherited)",
					"@executable_path/Frameworks",
					"@loader_path/Frameworks",
				);
				PRODUCT_BUNDLE_IDENTIFIER = "First.FAQ-Page2UITests";
				PRODUCT_NAME = "$(TARGET_NAME)";
				SWIFT_VERSION = 5.0;
				TARGETED_DEVICE_FAMILY = "1,2";
				TEST_TARGET_NAME = "FAQ Page2";
			};
			name = Debug;
		};
		A70BC362255D0B1A002D3B09 /* Release */ = {
			isa = XCBuildConfiguration;
			buildSettings = {
				ALWAYS_EMBED_SWIFT_STANDARD_LIBRARIES = YES;
				CODE_SIGN_STYLE = Automatic;
				INFOPLIST_FILE = "FAQ Page2UITests/Info.plist";
				LD_RUNPATH_SEARCH_PATHS = (
					"$(inherited)",
					"@executable_path/Frameworks",
					"@loader_path/Frameworks",
				);
				PRODUCT_BUNDLE_IDENTIFIER = "First.FAQ-Page2UITests";
				PRODUCT_NAME = "$(TARGET_NAME)";
				SWIFT_VERSION = 5.0;
				TARGETED_DEVICE_FAMILY = "1,2";
				TEST_TARGET_NAME = "FAQ Page2";
			};
			name = Release;
		};
/* End XCBuildConfiguration section */

/* Begin XCConfigurationList section */
		A70BC32B255D0B19002D3B09 /* Build configuration list for PBXProject "FAQ Page2" */ = {
			isa = XCConfigurationList;
			buildConfigurations = (
				A70BC358255D0B1A002D3B09 /* Debug */,
				A70BC359255D0B1A002D3B09 /* Release */,
			);
			defaultConfigurationIsVisible = 0;
			defaultConfigurationName = Release;
		};
		A70BC35A255D0B1A002D3B09 /* Build configuration list for PBXNativeTarget "FAQ Page2" */ = {
			isa = XCConfigurationList;
			buildConfigurations = (
				A70BC35B255D0B1A002D3B09 /* Debug */,
				A70BC35C255D0B1A002D3B09 /* Release */,
			);
			defaultConfigurationIsVisible = 0;
			defaultConfigurationName = Release;
		};
		A70BC35D255D0B1A002D3B09 /* Build configuration list for PBXNativeTarget "FAQ Page2Tests" */ = {
			isa = XCConfigurationList;
			buildConfigurations = (
				A70BC35E255D0B1A002D3B09 /* Debug */,
				A70BC35F255D0B1A002D3B09 /* Release */,
			);
			defaultConfigurationIsVisible = 0;
			defaultConfigurationName = Release;
		};
		A70BC360255D0B1A002D3B09 /* Build configuration list for PBXNativeTarget "FAQ Page2UITests" */ = {
			isa = XCConfigurationList;
			buildConfigurations = (
				A70BC361255D0B1A002D3B09 /* Debug */,
				A70BC362255D0B1A002D3B09 /* Release */,
			);
			defaultConfigurationIsVisible = 0;
			defaultConfigurationName = Release;
		};
/* End XCConfigurationList section */
	};
	rootObject = A70BC328255D0B19002D3B09 /* Project object */;
}
